
Microsoft Visual Studio Solution File, Format Version 12.00
# Visual Studio Version 17
VisualStudioVersion = 17.8.34511.84
MinimumVisualStudioVersion = 10.0.40219.1
Project("{FAE04EC0-301F-11D3-BF4B-00C04F79EFBC}") = "MvcPersonajesExamenTemplate", "MvcPersonajesExamenTemplate\MvcPersonajesExamenTemplate.csproj", "{76DF5676-F998-42F1-A539-80208BF08215}"
EndProject
Global
	GlobalSection(SolutionConfigurationPlatforms) = preSolution
		Debug|Any CPU = Debug|Any CPU
		Release|Any CPU = Release|Any CPU
	EndGlobalSection
	GlobalSection(ProjectConfigurationPlatforms) = postSolution
		{76DF5676-F998-42F1-A539-80208BF08215}.Debug|Any CPU.ActiveCfg = Debug|Any CPU
		{76DF5676-F998-42F1-A539-80208BF08215}.Debug|Any CPU.Build.0 = Debug|Any CPU
		{76DF5676-F998-42F1-A539-80208BF08215}.Release|Any CPU.ActiveCfg = Release|Any CPU
		{76DF5676-F998-42F1-A539-80208BF08215}.Release|Any CPU.Build.0 = Release|Any CPU
	EndGlobalSection
	GlobalSection(SolutionProperties) = preSolution
		HideSolutionNode = FALSE
	EndGlobalSection
	GlobalSection(ExtensibilityGlobals) = postSolution
		SolutionGuid = {4C4DE4DA-8036-4936-9191-45D10C3A8828}
	EndGlobalSection
EndGlobal
